
Microsoft Visual Studio Solution File, Format Version 12.00
# Visual Studio 14
VisualStudioVersion = 14.0.24720.0
MinimumVisualStudioVersion = 10.0.40219.1
Project("{FAE04EC0-301F-11D3-BF4B-00C04F79EFBC}") = "il.ac.shenkar.weatherProject", "il.ac.shenkar.weatherProject\il.ac.shenkar.weatherProject.csproj", "{64803458-331E-43E6-A7DD-3B536EA0F74C}"
EndProject
Project("{FAE04EC0-301F-11D3-BF4B-00C04F79EFBC}") = "il.ac.shenkar.weatherTest", "il.ac.shenkar.weatherTest\il.ac.shenkar.weatherTest.csproj", "{247CC406-D560-4F34-9D5B-27651C91EE2B}"
EndProject
Global
	GlobalSection(SolutionConfigurationPlatforms) = preSolution
		Debug|Any CPU = Debug|Any CPU
		Release|Any CPU = Release|Any CPU
	EndGlobalSection
	GlobalSection(ProjectConfigurationPlatforms) = postSolution
		{64803458-331E-43E6-A7DD-3B536EA0F74C}.Debug|Any CPU.ActiveCfg = Debug|Any CPU
		{64803458-331E-43E6-A7DD-3B536EA0F74C}.Debug|Any CPU.Build.0 = Debug|Any CPU
		{64803458-331E-43E6-A7DD-3B536EA0F74C}.Release|Any CPU.ActiveCfg = Release|Any CPU
		{64803458-331E-43E6-A7DD-3B536EA0F74C}.Release|Any CPU.Build.0 = Release|Any CPU
		{247CC406-D560-4F34-9D5B-27651C91EE2B}.Debug|Any CPU.ActiveCfg = Debug|Any CPU
		{247CC406-D560-4F34-9D5B-27651C91EE2B}.Debug|Any CPU.Build.0 = Debug|Any CPU
		{247CC406-D560-4F34-9D5B-27651C91EE2B}.Release|Any CPU.ActiveCfg = Release|Any CPU
		{247CC406-D560-4F34-9D5B-27651C91EE2B}.Release|Any CPU.Build.0 = Release|Any CPU
	EndGlobalSection
	GlobalSection(SolutionProperties) = preSolution
		HideSolutionNode = FALSE
	EndGlobalSection
EndGlobal
